// !$*UTF8*$!
{
	archiveVersion = 1;
	classes = {
	};
	objectVersion = 46;
	objects = {

/* Begin PBXBuildFile section */
		14042E05170C1A3D00441478 /* collision.cpp in Sources */ = {isa = PBXBuildFile; fileRef = 14042E03170C1A3D00441478 /* collision.cpp */; };
		14042E08170C1AB900441478 /* perso.cpp in Sources */ = {isa = PBXBuildFile; fileRef = 14042E06170C1AB900441478 /* perso.cpp */; };
		141720AE170DC9A800F11F18 /* blocAir.cpp in Sources */ = {isa = PBXBuildFile; fileRef = 141720AC170DC9A700F11F18 /* blocAir.cpp */; };
		141F739917035C5C00BB26F2 /* main.cpp in Sources */ = {isa = PBXBuildFile; fileRef = 141F739817035C5C00BB26F2 /* main.cpp */; };
		141F73A317035D2700BB26F2 /* GLUT.framework in Frameworks */ = {isa = PBXBuildFile; fileRef = 141F73A117035D2700BB26F2 /* GLUT.framework */; };
		141F73A917035EC000BB26F2 /* OpenGL.framework in Frameworks */ = {isa = PBXBuildFile; fileRef = 141F73A817035EC000BB26F2 /* OpenGL.framework */; };
		141F73AC1703602300BB26F2 /* openGLSetup.cpp in Sources */ = {isa = PBXBuildFile; fileRef = 141F73AA1703602300BB26F2 /* openGLSetup.cpp */; };
		141F73AF1703649600BB26F2 /* scene.cpp in Sources */ = {isa = PBXBuildFile; fileRef = 141F73AD1703649600BB26F2 /* scene.cpp */; };
		141F73B51703854200BB26F2 /* engine.cpp in Sources */ = {isa = PBXBuildFile; fileRef = 141F73B31703854200BB26F2 /* engine.cpp */; };
		1446B2DF1721704F003A9F5A /* Base.cpp in Sources */ = {isa = PBXBuildFile; fileRef = 1446B2DD1721704F003A9F5A /* Base.cpp */; };
		1446B2E2172173D3003A9F5A /* Fun.cpp in Sources */ = {isa = PBXBuildFile; fileRef = 1446B2E0172173D3003A9F5A /* Fun.cpp */; };
		144C8DE61711D2AD00A20C04 /* chunkGenerator.cpp in Sources */ = {isa = PBXBuildFile; fileRef = 144C8DE41711D2AD00A20C04 /* chunkGenerator.cpp */; };
		145E9693170EE57C00F9CDBA /* region.cpp in Sources */ = {isa = PBXBuildFile; fileRef = 145E9691170EE57C00F9CDBA /* region.cpp */; };
		145E9696170EE5EE00F9CDBA /* chunk.cpp in Sources */ = {isa = PBXBuildFile; fileRef = 145E9694170EE5EE00F9CDBA /* chunk.cpp */; };
		145E9699170EE9A700F9CDBA /* field.cpp in Sources */ = {isa = PBXBuildFile; fileRef = 145E9697170EE9A700F9CDBA /* field.cpp */; };
		1490BB7A17251A3300A68915 /* Mountain.cpp in Sources */ = {isa = PBXBuildFile; fileRef = 1490BB7817251A3300A68915 /* Mountain.cpp */; };
		149CF502170444CD004C8F3D /* bloc.cpp in Sources */ = {isa = PBXBuildFile; fileRef = 149CF500170444CD004C8F3D /* bloc.cpp */; };
		149CF50517045175004C8F3D /* object.cpp in Sources */ = {isa = PBXBuildFile; fileRef = 149CF50317045175004C8F3D /* object.cpp */; };
/* End PBXBuildFile section */

/* Begin PBXCopyFilesBuildPhase section */
		141F739317035C5C00BB26F2 /* CopyFiles */ = {
			isa = PBXCopyFilesBuildPhase;
			buildActionMask = 2147483647;
			dstPath = /usr/share/man/man1/;
			dstSubfolderSpec = 0;
			files = (
			);
			runOnlyForDeploymentPostprocessing = 1;
		};
/* End PBXCopyFilesBuildPhase section */

/* Begin PBXFileReference section */
		14042E03170C1A3D00441478 /* collision.cpp */ = {isa = PBXFileReference; fileEncoding = 4; lastKnownFileType = sourcecode.cpp.cpp; path = collision.cpp; sourceTree = "<group>"; };
		14042E04170C1A3D00441478 /* collision.h */ = {isa = PBXFileReference; fileEncoding = 4; lastKnownFileType = sourcecode.c.h; path = collision.h; sourceTree = "<group>"; };
		14042E06170C1AB900441478 /* perso.cpp */ = {isa = PBXFileReference; fileEncoding = 4; lastKnownFileType = sourcecode.cpp.cpp; path = perso.cpp; sourceTree = "<group>"; };
		14042E07170C1AB900441478 /* perso.h */ = {isa = PBXFileReference; fileEncoding = 4; lastKnownFileType = sourcecode.c.h; path = perso.h; sourceTree = "<group>"; };
		141720AC170DC9A700F11F18 /* blocAir.cpp */ = {isa = PBXFileReference; fileEncoding = 4; lastKnownFileType = sourcecode.cpp.cpp; path = blocAir.cpp; sourceTree = "<group>"; };
		141720AD170DC9A800F11F18 /* blocAir.h */ = {isa = PBXFileReference; fileEncoding = 4; lastKnownFileType = sourcecode.c.h; path = blocAir.h; sourceTree = "<group>"; };
		141F739517035C5C00BB26F2 /* MyCCraft */ = {isa = PBXFileReference; explicitFileType = "compiled.mach-o.executable"; includeInIndex = 0; path = MyCCraft; sourceTree = BUILT_PRODUCTS_DIR; };
		141F739817035C5C00BB26F2 /* main.cpp */ = {isa = PBXFileReference; lastKnownFileType = sourcecode.cpp.cpp; path = main.cpp; sourceTree = "<group>"; };
		141F73A117035D2700BB26F2 /* GLUT.framework */ = {isa = PBXFileReference; lastKnownFileType = wrapper.framework; name = GLUT.framework; path = ../../../../../../System/Library/Frameworks/GLUT.framework; sourceTree = "<group>"; };
		141F73A817035EC000BB26F2 /* OpenGL.framework */ = {isa = PBXFileReference; lastKnownFileType = wrapper.framework; name = OpenGL.framework; path = ../../../../../../System/Library/Frameworks/OpenGL.framework; sourceTree = "<group>"; };
		141F73AA1703602300BB26F2 /* openGLSetup.cpp */ = {isa = PBXFileReference; fileEncoding = 4; lastKnownFileType = sourcecode.cpp.cpp; path = openGLSetup.cpp; sourceTree = "<group>"; };
		141F73AB1703602300BB26F2 /* openGLSetup.h */ = {isa = PBXFileReference; fileEncoding = 4; lastKnownFileType = sourcecode.c.h; path = openGLSetup.h; sourceTree = "<group>"; };
		141F73AD1703649600BB26F2 /* scene.cpp */ = {isa = PBXFileReference; fileEncoding = 4; lastKnownFileType = sourcecode.cpp.cpp; path = scene.cpp; sourceTree = "<group>"; };
		141F73AE1703649600BB26F2 /* scene.h */ = {isa = PBXFileReference; fileEncoding = 4; lastKnownFileType = sourcecode.c.h; path = scene.h; sourceTree = "<group>"; };
		141F73B31703854200BB26F2 /* engine.cpp */ = {isa = PBXFileReference; fileEncoding = 4; lastKnownFileType = sourcecode.cpp.cpp; path = engine.cpp; sourceTree = "<group>"; };
		141F73B41703854200BB26F2 /* engine.h */ = {isa = PBXFileReference; fileEncoding = 4; lastKnownFileType = sourcecode.c.h; path = engine.h; sourceTree = "<group>"; };
		1446B2DD1721704F003A9F5A /* Base.cpp */ = {isa = PBXFileReference; fileEncoding = 4; lastKnownFileType = sourcecode.cpp.cpp; path = Base.cpp; sourceTree = "<group>"; };
		1446B2DE1721704F003A9F5A /* Base.h */ = {isa = PBXFileReference; fileEncoding = 4; lastKnownFileType = sourcecode.c.h; path = Base.h; sourceTree = "<group>"; };
		1446B2E0172173D3003A9F5A /* Fun.cpp */ = {isa = PBXFileReference; fileEncoding = 4; lastKnownFileType = sourcecode.cpp.cpp; path = Fun.cpp; sourceTree = "<group>"; };
		144C8DE41711D2AD00A20C04 /* chunkGenerator.cpp */ = {isa = PBXFileReference; fileEncoding = 4; lastKnownFileType = sourcecode.cpp.cpp; path = chunkGenerator.cpp; sourceTree = "<group>"; };
		144C8DE51711D2AD00A20C04 /* chunkGenerator.h */ = {isa = PBXFileReference; fileEncoding = 4; lastKnownFileType = sourcecode.c.h; path = chunkGenerator.h; sourceTree = "<group>"; };
		145E9691170EE57C00F9CDBA /* region.cpp */ = {isa = PBXFileReference; fileEncoding = 4; lastKnownFileType = sourcecode.cpp.cpp; path = region.cpp; sourceTree = "<group>"; };
		145E9692170EE57C00F9CDBA /* region.h */ = {isa = PBXFileReference; fileEncoding = 4; lastKnownFileType = sourcecode.c.h; path = region.h; sourceTree = "<group>"; };
		145E9694170EE5EE00F9CDBA /* chunk.cpp */ = {isa = PBXFileReference; fileEncoding = 4; lastKnownFileType = sourcecode.cpp.cpp; path = chunk.cpp; sourceTree = "<group>"; };
		145E9695170EE5EE00F9CDBA /* chunk.h */ = {isa = PBXFileReference; fileEncoding = 4; lastKnownFileType = sourcecode.c.h; path = chunk.h; sourceTree = "<group>"; };
		145E9697170EE9A700F9CDBA /* field.cpp */ = {isa = PBXFileReference; fileEncoding = 4; lastKnownFileType = sourcecode.cpp.cpp; path = field.cpp; sourceTree = "<group>"; };
		145E9698170EE9A700F9CDBA /* field.h */ = {isa = PBXFileReference; fileEncoding = 4; lastKnownFileType = sourcecode.c.h; path = field.h; sourceTree = "<group>"; };
		148D2DC017259BB400E0ADD6 /* herb.bmp */ = {isa = PBXFileReference; lastKnownFileType = image.bmp; path = herb.bmp; sourceTree = "<group>"; };
		1490BB7817251A3300A68915 /* Mountain.cpp */ = {isa = PBXFileReference; fileEncoding = 4; lastKnownFileType = sourcecode.cpp.cpp; path = Mountain.cpp; sourceTree = "<group>"; };
		149CF500170444CD004C8F3D /* bloc.cpp */ = {isa = PBXFileReference; fileEncoding = 4; lastKnownFileType = sourcecode.cpp.cpp; path = bloc.cpp; sourceTree = "<group>"; };
		149CF501170444CD004C8F3D /* bloc.h */ = {isa = PBXFileReference; fileEncoding = 4; lastKnownFileType = sourcecode.c.h; path = bloc.h; sourceTree = "<group>"; };
		149CF50317045175004C8F3D /* object.cpp */ = {isa = PBXFileReference; fileEncoding = 4; lastKnownFileType = sourcecode.cpp.cpp; path = object.cpp; sourceTree = "<group>"; };
		149CF50417045175004C8F3D /* object.h */ = {isa = PBXFileReference; fileEncoding = 4; lastKnownFileType = sourcecode.c.h; path = object.h; sourceTree = "<group>"; };
/* End PBXFileReference section */

/* Begin PBXFrameworksBuildPhase section */
		141F739217035C5C00BB26F2 /* Frameworks */ = {
			isa = PBXFrameworksBuildPhase;
			buildActionMask = 2147483647;
			files = (
				141F73A317035D2700BB26F2 /* GLUT.framework in Frameworks */,
				141F73A917035EC000BB26F2 /* OpenGL.framework in Frameworks */,
			);
			runOnlyForDeploymentPostprocessing = 0;
		};
/* End PBXFrameworksBuildPhase section */

/* Begin PBXGroup section */
		141F738C17035C5C00BB26F2 = {
			isa = PBXGroup;
			children = (
				148D2DBF17259BB400E0ADD6 /* textures */,
				141F73A817035EC000BB26F2 /* OpenGL.framework */,
				141F73A117035D2700BB26F2 /* GLUT.framework */,
				141F739717035C5C00BB26F2 /* MyCCraft */,
				141F739617035C5C00BB26F2 /* Products */,
			);
			sourceTree = "<group>";
		};
		141F739617035C5C00BB26F2 /* Products */ = {
			isa = PBXGroup;
			children = (
				141F739517035C5C00BB26F2 /* MyCCraft */,
			);
			name = Products;
			sourceTree = "<group>";
		};
		141F739717035C5C00BB26F2 /* MyCCraft */ = {
			isa = PBXGroup;
			children = (
				145E9690170EE55500F9CDBA /* Object */,
				145E968F170EE54700F9CDBA /* Map */,
				145E968E170EE52E00F9CDBA /* Bloc */,
				141F739817035C5C00BB26F2 /* main.cpp */,
				141F73AA1703602300BB26F2 /* openGLSetup.cpp */,
				141F73AB1703602300BB26F2 /* openGLSetup.h */,
				141F73AD1703649600BB26F2 /* scene.cpp */,
				141F73AE1703649600BB26F2 /* scene.h */,
				141F73B31703854200BB26F2 /* engine.cpp */,
				141F73B41703854200BB26F2 /* engine.h */,
				14042E03170C1A3D00441478 /* collision.cpp */,
				14042E04170C1A3D00441478 /* collision.h */,
				14042E06170C1AB900441478 /* perso.cpp */,
				14042E07170C1AB900441478 /* perso.h */,
			);
			path = MyCCraft;
			sourceTree = "<group>";
		};
		1446B2DC17217001003A9F5A /* area */ = {
			isa = PBXGroup;
			children = (
				1446B2DD1721704F003A9F5A /* Base.cpp */,
				1446B2DE1721704F003A9F5A /* Base.h */,
				1446B2E0172173D3003A9F5A /* Fun.cpp */,
				1490BB7817251A3300A68915 /* Mountain.cpp */,
			);
			name = area;
			sourceTree = "<group>";
		};
		145E968E170EE52E00F9CDBA /* Bloc */ = {
			isa = PBXGroup;
			children = (
				149CF500170444CD004C8F3D /* bloc.cpp */,
				149CF501170444CD004C8F3D /* bloc.h */,
				141720AC170DC9A700F11F18 /* blocAir.cpp */,
				141720AD170DC9A800F11F18 /* blocAir.h */,
			);
			name = Bloc;
			sourceTree = "<group>";
		};
		145E968F170EE54700F9CDBA /* Map */ = {
			isa = PBXGroup;
			children = (
				1446B2DC17217001003A9F5A /* area */,
				145E9691170EE57C00F9CDBA /* region.cpp */,
				145E9692170EE57C00F9CDBA /* region.h */,
				145E9694170EE5EE00F9CDBA /* chunk.cpp */,
				145E9695170EE5EE00F9CDBA /* chunk.h */,
				145E9697170EE9A700F9CDBA /* field.cpp */,
				145E9698170EE9A700F9CDBA /* field.h */,
				144C8DE41711D2AD00A20C04 /* chunkGenerator.cpp */,
				144C8DE51711D2AD00A20C04 /* chunkGenerator.h */,
			);
			name = Map;
			sourceTree = "<group>";
		};
		145E9690170EE55500F9CDBA /* Object */ = {
			isa = PBXGroup;
			children = (
				149CF50317045175004C8F3D /* object.cpp */,
				149CF50417045175004C8F3D /* object.h */,
			);
			name = Object;
			sourceTree = "<group>";
		};
		148D2DBF17259BB400E0ADD6 /* textures */ = {
			isa = PBXGroup;
			children = (
				148D2DC017259BB400E0ADD6 /* herb.bmp */,
			);
			name = textures;
			path = MyCCraft/textures;
			sourceTree = "<group>";
		};
/* End PBXGroup section */

/* Begin PBXNativeTarget section */
		141F739417035C5C00BB26F2 /* MyCCraft */ = {
			isa = PBXNativeTarget;
			buildConfigurationList = 141F739E17035C5C00BB26F2 /* Build configuration list for PBXNativeTarget "MyCCraft" */;
			buildPhases = (
				141F739117035C5C00BB26F2 /* Sources */,
				141F739217035C5C00BB26F2 /* Frameworks */,
				141F739317035C5C00BB26F2 /* CopyFiles */,
			);
			buildRules = (
			);
			dependencies = (
			);
			name = MyCCraft;
			productName = MyCCraft;
			productReference = 141F739517035C5C00BB26F2 /* MyCCraft */;
			productType = "com.apple.product-type.tool";
		};
/* End PBXNativeTarget section */

/* Begin PBXProject section */
		141F738D17035C5C00BB26F2 /* Project object */ = {
			isa = PBXProject;
			attributes = {
				LastUpgradeCheck = 0460;
				ORGANIZATIONNAME = "WaWa-YoDa";
			};
			buildConfigurationList = 141F739017035C5C00BB26F2 /* Build configuration list for PBXProject "MyCCraft" */;
			compatibilityVersion = "Xcode 3.2";
			developmentRegion = English;
			hasScannedForEncodings = 0;
			knownRegions = (
				en,
			);
			mainGroup = 141F738C17035C5C00BB26F2;
			productRefGroup = 141F739617035C5C00BB26F2 /* Products */;
			projectDirPath = "";
			projectRoot = "";
			targets = (
				141F739417035C5C00BB26F2 /* MyCCraft */,
			);
		};
/* End PBXProject section */

/* Begin PBXSourcesBuildPhase section */
		141F739117035C5C00BB26F2 /* Sources */ = {
			isa = PBXSourcesBuildPhase;
			buildActionMask = 2147483647;
			files = (
				141F739917035C5C00BB26F2 /* main.cpp in Sources */,
				141F73AC1703602300BB26F2 /* openGLSetup.cpp in Sources */,
				141F73AF1703649600BB26F2 /* scene.cpp in Sources */,
				141F73B51703854200BB26F2 /* engine.cpp in Sources */,
				149CF502170444CD004C8F3D /* bloc.cpp in Sources */,
				149CF50517045175004C8F3D /* object.cpp in Sources */,
				14042E05170C1A3D00441478 /* collision.cpp in Sources */,
				14042E08170C1AB900441478 /* perso.cpp in Sources */,
				141720AE170DC9A800F11F18 /* blocAir.cpp in Sources */,
				145E9693170EE57C00F9CDBA /* region.cpp in Sources */,
				145E9696170EE5EE00F9CDBA /* chunk.cpp in Sources */,
				145E9699170EE9A700F9CDBA /* field.cpp in Sources */,
				144C8DE61711D2AD00A20C04 /* chunkGenerator.cpp in Sources */,
				1446B2DF1721704F003A9F5A /* Base.cpp in Sources */,
				1446B2E2172173D3003A9F5A /* Fun.cpp in Sources */,
				1490BB7A17251A3300A68915 /* Mountain.cpp in Sources */,
			);
			runOnlyForDeploymentPostprocessing = 0;
		};
/* End PBXSourcesBuildPhase section */

/* Begin XCBuildConfiguration section */
		141F739C17035C5C00BB26F2 /* Debug */ = {
			isa = XCBuildConfiguration;
			buildSettings = {
				ALWAYS_SEARCH_USER_PATHS = NO;
				ARCHS = "$(ARCHS_STANDARD_64_BIT)";
				CLANG_CXX_LANGUAGE_STANDARD = "gnu++0x";
				CLANG_CXX_LIBRARY = "libc++";
				CLANG_ENABLE_OBJC_ARC = YES;
				CLANG_WARN_CONSTANT_CONVERSION = YES;
				CLANG_WARN_EMPTY_BODY = YES;
				CLANG_WARN_ENUM_CONVERSION = YES;
				CLANG_WARN_INT_CONVERSION = YES;
				CLANG_WARN__DUPLICATE_METHOD_MATCH = YES;
				COPY_PHASE_STRIP = NO;
				GCC_C_LANGUAGE_STANDARD = gnu99;
				GCC_DYNAMIC_NO_PIC = NO;
				GCC_ENABLE_OBJC_EXCEPTIONS = YES;
				GCC_OPTIMIZATION_LEVEL = 0;
				GCC_PREPROCESSOR_DEFINITIONS = (
					"DEBUG=1",
					"$(inherited)",
				);
				GCC_SYMBOLS_PRIVATE_EXTERN = NO;
				GCC_WARN_64_TO_32_BIT_CONVERSION = YES;
				GCC_WARN_ABOUT_RETURN_TYPE = YES;
				GCC_WARN_UNINITIALIZED_AUTOS = YES;
				GCC_WARN_UNUSED_VARIABLE = YES;
				MACOSX_DEPLOYMENT_TARGET = 10.8;
				ONLY_ACTIVE_ARCH = YES;
				SDKROOT = macosx;
			};
			name = Debug;
		};
		141F739D17035C5C00BB26F2 /* Release */ = {
			isa = XCBuildConfiguration;
			buildSettings = {
				ALWAYS_SEARCH_USER_PATHS = NO;
				ARCHS = "$(ARCHS_STANDARD_64_BIT)";
				CLANG_CXX_LANGUAGE_STANDARD = "gnu++0x";
				CLANG_CXX_LIBRARY = "libc++";
				CLANG_ENABLE_OBJC_ARC = YES;
				CLANG_WARN_CONSTANT_CONVERSION = YES;
				CLANG_WARN_EMPTY_BODY = YES;
				CLANG_WARN_ENUM_CONVERSION = YES;
				CLANG_WARN_INT_CONVERSION = YES;
				CLANG_WARN__DUPLICATE_METHOD_MATCH = YES;
				COPY_PHASE_STRIP = YES;
				DEBUG_INFORMATION_FORMAT = "dwarf-with-dsym";
				GCC_C_LANGUAGE_STANDARD = gnu99;
				GCC_ENABLE_OBJC_EXCEPTIONS = YES;
				GCC_WARN_64_TO_32_BIT_CONVERSION = YES;
				GCC_WARN_ABOUT_RETURN_TYPE = YES;
				GCC_WARN_UNINITIALIZED_AUTOS = YES;
				GCC_WARN_UNUSED_VARIABLE = YES;
				MACOSX_DEPLOYMENT_TARGET = 10.8;
				SDKROOT = macosx;
			};
			name = Release;
		};
		141F739F17035C5C00BB26F2 /* Debug */ = {
			isa = XCBuildConfiguration;
			buildSettings = {
				PRODUCT_NAME = "$(TARGET_NAME)";
			};
			name = Debug;
		};
		141F73A017035C5C00BB26F2 /* Release */ = {
			isa = XCBuildConfiguration;
			buildSettings = {
				PRODUCT_NAME = "$(TARGET_NAME)";
			};
			name = Release;
		};
/* End XCBuildConfiguration section */

/* Begin XCConfigurationList section */
		141F739017035C5C00BB26F2 /* Build configuration list for PBXProject "MyCCraft" */ = {
			isa = XCConfigurationList;
			buildConfigurations = (
				141F739C17035C5C00BB26F2 /* Debug */,
				141F739D17035C5C00BB26F2 /* Release */,
			);
			defaultConfigurationIsVisible = 0;
			defaultConfigurationName = Release;
		};
		141F739E17035C5C00BB26F2 /* Build configuration list for PBXNativeTarget "MyCCraft" */ = {
			isa = XCConfigurationList;
			buildConfigurations = (
				141F739F17035C5C00BB26F2 /* Debug */,
				141F73A017035C5C00BB26F2 /* Release */,
			);
			defaultConfigurationIsVisible = 0;
			defaultConfigurationName = Release;
		};
/* End XCConfigurationList section */
	};
	rootObject = 141F738D17035C5C00BB26F2 /* Project object */;
}
